<?xml version="1.0" encoding="utf-8"?>
<Project ToolsVersion="4.0" xmlns="http://schemas.microsoft.com/developer/msbuild/2003">
  <ItemGroup>
    <Filter Include="리소스 파일">
      <UniqueIdentifier>{67DA6AB6-F800-4c08-8B7A-83BB121AAD01}</UniqueIdentifier>
      <Extensions>rc;ico;cur;bmp;dlg;rc2;rct;bin;rgs;gif;jpg;jpeg;jpe;resx;tiff;tif;png;wav;mfcribbon-ms</Extensions>
    </Filter>
    <Filter Include="curscal">
      <UniqueIdentifier>{ffb99a40-57f6-4705-b1a0-3a95b1e7d9ed}</UniqueIdentifier>
    </Filter>
    <Filter Include="greedy">
      <UniqueIdentifier>{2acff0b8-6357-4065-9546-63447e35b0ff}</UniqueIdentifier>
    </Filter>
    <Filter Include="stack">
      <UniqueIdentifier>{291e8829-bac4-4ae1-97ac-d06e4f5f37dd}</UniqueIdentifier>
    </Filter>
    <Filter Include="dp">
      <UniqueIdentifier>{1751bcd7-30b3-4474-9509-f63e03255bad}</UniqueIdentifier>
    </Filter>
    <Filter Include="dijkstra">
      <UniqueIdentifier>{03f0713b-aeac-4635-87b9-006b4aea986b}</UniqueIdentifier>
    </Filter>
    <Filter Include="dfs">
      <UniqueIdentifier>{5ae2f4c8-aae3-4fe4-b989-c46c2539e555}</UniqueIdentifier>
    </Filter>
    <Filter Include="floyd">
      <UniqueIdentifier>{bebac84d-00cd-4d82-b5bd-8d1e2c67166d}</UniqueIdentifier>
    </Filter>
    <Filter Include="dp+dfs_bfs">
      <UniqueIdentifier>{3ff166a3-3ab3-415f-915c-9b6b49e4f1ba}</UniqueIdentifier>
    </Filter>
    <Filter Include="bfs">
      <UniqueIdentifier>{006178df-12c6-43ff-ad24-a5cfdfb0520e}</UniqueIdentifier>
    </Filter>
    <Filter Include="queue">
      <UniqueIdentifier>{559c766e-a201-4ed1-b97e-5f6402a409b4}</UniqueIdentifier>
    </Filter>
    <Filter Include="prim">
      <UniqueIdentifier>{67a83527-546e-4bf6-82e7-70b51838a70f}</UniqueIdentifier>
    </Filter>
    <Filter Include="union_find">
      <UniqueIdentifier>{49a63be1-848f-4aea-9ce9-94622d242cb1}</UniqueIdentifier>
    </Filter>
    <Filter Include="binary_search">
      <UniqueIdentifier>{c27a4e0a-deb9-47df-9bc4-cdc96359269c}</UniqueIdentifier>
    </Filter>
    <Filter Include="bruteforce">
      <UniqueIdentifier>{ff584983-603e-4bfe-af03-8db2b9a04405}</UniqueIdentifier>
    </Filter>
    <Filter Include="implementation">
      <UniqueIdentifier>{5895b7f6-437e-4385-b046-6826e83bcebc}</UniqueIdentifier>
    </Filter>
  </ItemGroup>
  <ItemGroup>
    <ClCompile Include="BOJ_1647.cpp">
      <Filter>curscal</Filter>
    </ClCompile>
    <ClCompile Include="BOJ_1263.cpp">
      <Filter>greedy</Filter>
    </ClCompile>
    <ClCompile Include="BOJ_13146.cpp">
      <Filter>stack</Filter>
    </ClCompile>
    <ClCompile Include="BOJ_2482.cpp">
      <Filter>dp</Filter>
    </ClCompile>
    <ClCompile Include="BOJ_1238.cpp">
      <Filter>dijkstra</Filter>
    </ClCompile>
    <ClCompile Include="BOJ_15683.cpp">
      <Filter>dfs</Filter>
    </ClCompile>
    <ClCompile Include="BOJ_1865.cpp">
      <Filter>floyd</Filter>
    </ClCompile>
    <ClCompile Include="BOJ_17609.cpp">
      <Filter>dfs</Filter>
    </ClCompile>
    <ClCompile Include="PGMS_표현가능한이진트리.cpp">
      <Filter>dfs</Filter>
    </ClCompile>
    <ClCompile Include="PGMS_2차원_동전_뒤집기.cpp">
      <Filter>dfs</Filter>
    </ClCompile>
    <ClCompile Include="PGMS_등대.cpp">
      <Filter>dfs</Filter>
    </ClCompile>
    <ClCompile Include="PGMS_고고학_최고의_발견.cpp">
      <Filter>dfs</Filter>
    </ClCompile>
    <ClCompile Include="PGMS_숫자타자대회.cpp">
      <Filter>dp+dfs_bfs</Filter>
    </ClCompile>
    <ClCompile Include="PGMS_등산코스정하기.cpp">
      <Filter>dp+dfs_bfs</Filter>
    </ClCompile>
    <ClCompile Include="NC3.cpp">
      <Filter>dfs</Filter>
    </ClCompile>
    <ClCompile Include="BOJ_12904.cpp">
      <Filter>greedy</Filter>
    </ClCompile>
    <ClCompile Include="PGMS_아이템줍기.cpp">
      <Filter>bfs</Filter>
    </ClCompile>
    <ClCompile Include="BOJ_화장실의_규칙.cpp">
      <Filter>queue</Filter>
    </ClCompile>
    <ClCompile Include="PGMS_리틀_프렌즈_사천성.cpp">
      <Filter>bfs</Filter>
    </ClCompile>
    <ClCompile Include="BOJ_LCS2.cpp">
      <Filter>dp</Filter>
    </ClCompile>
    <ClCompile Include="PGMS_GPS.cpp">
      <Filter>prim</Filter>
    </ClCompile>
    <ClCompile Include="BOJ_인구이동.cpp">
      <Filter>union_find</Filter>
    </ClCompile>
    <ClCompile Include="PGMS_억억단을외우자.cpp">
      <Filter>dp</Filter>
    </ClCompile>
    <ClCompile Include="BOJ_도시건설.cpp">
      <Filter>curscal</Filter>
    </ClCompile>
    <ClCompile Include="BOJ_공유기설치.cpp">
      <Filter>binary_search</Filter>
    </ClCompile>
    <ClCompile Include="BOJ_숨바꼭질2.cpp">
      <Filter>bfs</Filter>
    </ClCompile>
    <ClCompile Include="BOJ_성싶당.cpp">
      <Filter>binary_search</Filter>
    </ClCompile>
    <ClCompile Include="BOJ_고층빌딩.cpp">
      <Filter>bruteforce</Filter>
    </ClCompile>
    <ClCompile Include="BOJ_역사.cpp">
      <Filter>floyd</Filter>
    </ClCompile>
    <ClCompile Include="BOJ_월드컵.cpp">
      <Filter>dp+dfs_bfs</Filter>
    </ClCompile>
    <ClCompile Include="Test.cpp">
      <Filter>리소스 파일</Filter>
    </ClCompile>
    <ClCompile Include="HR_JourneyToTheMoon.cpp">
      <Filter>리소스 파일</Filter>
    </ClCompile>
    <ClCompile Include="HR_FrogInMaze.cpp">
      <Filter>리소스 파일</Filter>
    </ClCompile>
    <ClCompile Include="Nectorial.cpp">
      <Filter>리소스 파일</Filter>
    </ClCompile>
    <ClCompile Include="BOJ_ACM크래프트.cpp">
      <Filter>dp+dfs_bfs</Filter>
    </ClCompile>
    <ClCompile Include="BOJ_골목대장호석_효율성2.cpp">
      <Filter>dijkstra</Filter>
    </ClCompile>
    <ClCompile Include="HR_ShortestReach2.cpp">
      <Filter>dijkstra</Filter>
    </ClCompile>
    <ClCompile Include="BOJ_게임개발.cpp">
      <Filter>dp+dfs_bfs</Filter>
    </ClCompile>
    <ClCompile Include="HR_number_of_ways.cpp">
      <Filter>bruteforce</Filter>
    </ClCompile>
    <ClCompile Include="BOJ_집으로.cpp">
      <Filter>greedy</Filter>
    </ClCompile>
    <ClCompile Include="BOJ_책페이지.cpp">
      <Filter>implementation</Filter>
    </ClCompile>
    <ClCompile Include="BOJ_나만안되는연애.cpp">
      <Filter>curscal</Filter>
    </ClCompile>
    <ClCompile Include="BOJ_원판돌리기.cpp">
      <Filter>리소스 파일</Filter>
    </ClCompile>
    <ClCompile Include="BOJ_같이눈사람만들래.cpp">
      <Filter>리소스 파일</Filter>
    </ClCompile>
    <ClCompile Include="BOJ_과외맨.cpp">
      <Filter>리소스 파일</Filter>
    </ClCompile>
    <ClCompile Include="BOJ_물대기.cpp">
      <Filter>리소스 파일</Filter>
    </ClCompile>
    <ClCompile Include="PS_TEMPLATE.cpp">
      <Filter>리소스 파일</Filter>
    </ClCompile>
    <ClCompile Include="BOJ_세 용액.cpp">
      <Filter>리소스 파일</Filter>
    </ClCompile>
    <ClCompile Include="BOJ_양팔저울.cpp">
      <Filter>리소스 파일</Filter>
    </ClCompile>
    <ClCompile Include="BOJ_주사위윷놀이.cpp">
      <Filter>리소스 파일</Filter>
    </ClCompile>
    <ClCompile Include="BOJ_문제집.cpp">
      <Filter>queue</Filter>
    </ClCompile>
    <ClCompile Include="BOJ_게임.cpp">
      <Filter>dfs</Filter>
    </ClCompile>
    <ClCompile Include="BOJ_동전문제.cpp">
      <Filter>dp</Filter>
    </ClCompile>
    <ClCompile Include="BOJ_공항.cpp">
      <Filter>리소스 파일</Filter>
    </ClCompile>
  </ItemGroup>
</Project>